
Microsoft Visual Studio Solution File, Format Version 12.00
# Visual Studio 15
VisualStudioVersion = 15.0.27004.2002
MinimumVisualStudioVersion = 10.0.40219.1
Project("{9A19103F-16F7-4668-BE54-9A1E7A4F7556}") = "HYC.Model", "..\HYC.Core\HYC.Model\HYC.Model.csproj", "{A59A17FA-FD16-4A92-BAD0-23FD0968C62A}"
EndProject
Project("{9A19103F-16F7-4668-BE54-9A1E7A4F7556}") = "HYC.WebApi", "..\HYC.Core\HYC.WebApi\HYC.WebApi.csproj", "{DBD2C15D-8484-4F23-85C2-58523A96D886}"
EndProject
Global
	GlobalSection(SolutionConfigurationPlatforms) = preSolution
		Debug|Any CPU = Debug|Any CPU
		Release|Any CPU = Release|Any CPU
	EndGlobalSection
	GlobalSection(ProjectConfigurationPlatforms) = postSolution
		{A59A17FA-FD16-4A92-BAD0-23FD0968C62A}.Debug|Any CPU.ActiveCfg = Debug|Any CPU
		{A59A17FA-FD16-4A92-BAD0-23FD0968C62A}.Debug|Any CPU.Build.0 = Debug|Any CPU
		{A59A17FA-FD16-4A92-BAD0-23FD0968C62A}.Release|Any CPU.ActiveCfg = Release|Any CPU
		{A59A17FA-FD16-4A92-BAD0-23FD0968C62A}.Release|Any CPU.Build.0 = Release|Any CPU
		{DBD2C15D-8484-4F23-85C2-58523A96D886}.Debug|Any CPU.ActiveCfg = Debug|Any CPU
		{DBD2C15D-8484-4F23-85C2-58523A96D886}.Debug|Any CPU.Build.0 = Debug|Any CPU
		{DBD2C15D-8484-4F23-85C2-58523A96D886}.Release|Any CPU.ActiveCfg = Release|Any CPU
		{DBD2C15D-8484-4F23-85C2-58523A96D886}.Release|Any CPU.Build.0 = Release|Any CPU
	EndGlobalSection
	GlobalSection(SolutionProperties) = preSolution
		HideSolutionNode = FALSE
	EndGlobalSection
	GlobalSection(ExtensibilityGlobals) = postSolution
		SolutionGuid = {8AA3710A-76F1-4340-B552-EFFD789ADABD}
	EndGlobalSection
EndGlobal
