
Microsoft Visual Studio Solution File, Format Version 12.00
# Visual Studio 15
VisualStudioVersion = 15.0.27004.2002
MinimumVisualStudioVersion = 10.0.40219.1
Project("{9A19103F-16F7-4668-BE54-9A1E7A4F7556}") = "HYC.Model", "HYC.Model\HYC.Model.csproj", "{A59A17FA-FD16-4A92-BAD0-23FD0968C62A}"
EndProject
Project("{9A19103F-16F7-4668-BE54-9A1E7A4F7556}") = "HYC.WebApi", "HYC.WebApi\HYC.WebApi.csproj", "{DBD2C15D-8484-4F23-85C2-58523A96D886}"
EndProject
Project("{9A19103F-16F7-4668-BE54-9A1E7A4F7556}") = "HYC.Common", "HYC.Common\HYC.Common.csproj", "{49FC0E5E-B4F7-46D7-9258-B97A15D76658}"
EndProject
Project("{9A19103F-16F7-4668-BE54-9A1E7A4F7556}") = "HYC.Repository", "HYC.Repository\HYC.Repository.csproj", "{5182C99D-2DD6-463D-B950-3523FCC6F266}"
EndProject
Project("{9A19103F-16F7-4668-BE54-9A1E7A4F7556}") = "HYC.Service", "HYC.Service\HYC.Service.csproj", "{1477575F-7417-43D5-AE70-156DEC767BF6}"
EndProject
Project("{9A19103F-16F7-4668-BE54-9A1E7A4F7556}") = "HYC.IService", "HYC.IService\HYC.IService.csproj", "{C976D8A1-D3DA-40E3-8014-FA0AD797D5B3}"
EndProject
Project("{9A19103F-16F7-4668-BE54-9A1E7A4F7556}") = "HYC.IRepository", "HYC.IRepository\HYC.IRepository.csproj", "{45B5BC6E-FCE3-4694-8A00-52F644D378C3}"
EndProject
Global
	GlobalSection(SolutionConfigurationPlatforms) = preSolution
		Debug|Any CPU = Debug|Any CPU
		Release|Any CPU = Release|Any CPU
	EndGlobalSection
	GlobalSection(ProjectConfigurationPlatforms) = postSolution
		{A59A17FA-FD16-4A92-BAD0-23FD0968C62A}.Debug|Any CPU.ActiveCfg = Debug|Any CPU
		{A59A17FA-FD16-4A92-BAD0-23FD0968C62A}.Debug|Any CPU.Build.0 = Debug|Any CPU
		{A59A17FA-FD16-4A92-BAD0-23FD0968C62A}.Release|Any CPU.ActiveCfg = Release|Any CPU
		{A59A17FA-FD16-4A92-BAD0-23FD0968C62A}.Release|Any CPU.Build.0 = Release|Any CPU
		{DBD2C15D-8484-4F23-85C2-58523A96D886}.Debug|Any CPU.ActiveCfg = Debug|Any CPU
		{DBD2C15D-8484-4F23-85C2-58523A96D886}.Debug|Any CPU.Build.0 = Debug|Any CPU
		{DBD2C15D-8484-4F23-85C2-58523A96D886}.Release|Any CPU.ActiveCfg = Release|Any CPU
		{DBD2C15D-8484-4F23-85C2-58523A96D886}.Release|Any CPU.Build.0 = Release|Any CPU
		{49FC0E5E-B4F7-46D7-9258-B97A15D76658}.Debug|Any CPU.ActiveCfg = Debug|Any CPU
		{49FC0E5E-B4F7-46D7-9258-B97A15D76658}.Debug|Any CPU.Build.0 = Debug|Any CPU
		{49FC0E5E-B4F7-46D7-9258-B97A15D76658}.Release|Any CPU.ActiveCfg = Release|Any CPU
		{49FC0E5E-B4F7-46D7-9258-B97A15D76658}.Release|Any CPU.Build.0 = Release|Any CPU
		{5182C99D-2DD6-463D-B950-3523FCC6F266}.Debug|Any CPU.ActiveCfg = Debug|Any CPU
		{5182C99D-2DD6-463D-B950-3523FCC6F266}.Debug|Any CPU.Build.0 = Debug|Any CPU
		{5182C99D-2DD6-463D-B950-3523FCC6F266}.Release|Any CPU.ActiveCfg = Release|Any CPU
		{5182C99D-2DD6-463D-B950-3523FCC6F266}.Release|Any CPU.Build.0 = Release|Any CPU
		{1477575F-7417-43D5-AE70-156DEC767BF6}.Debug|Any CPU.ActiveCfg = Debug|Any CPU
		{1477575F-7417-43D5-AE70-156DEC767BF6}.Debug|Any CPU.Build.0 = Debug|Any CPU
		{1477575F-7417-43D5-AE70-156DEC767BF6}.Release|Any CPU.ActiveCfg = Release|Any CPU
		{1477575F-7417-43D5-AE70-156DEC767BF6}.Release|Any CPU.Build.0 = Release|Any CPU
		{C976D8A1-D3DA-40E3-8014-FA0AD797D5B3}.Debug|Any CPU.ActiveCfg = Debug|Any CPU
		{C976D8A1-D3DA-40E3-8014-FA0AD797D5B3}.Debug|Any CPU.Build.0 = Debug|Any CPU
		{C976D8A1-D3DA-40E3-8014-FA0AD797D5B3}.Release|Any CPU.ActiveCfg = Release|Any CPU
		{C976D8A1-D3DA-40E3-8014-FA0AD797D5B3}.Release|Any CPU.Build.0 = Release|Any CPU
		{45B5BC6E-FCE3-4694-8A00-52F644D378C3}.Debug|Any CPU.ActiveCfg = Debug|Any CPU
		{45B5BC6E-FCE3-4694-8A00-52F644D378C3}.Debug|Any CPU.Build.0 = Debug|Any CPU
		{45B5BC6E-FCE3-4694-8A00-52F644D378C3}.Release|Any CPU.ActiveCfg = Release|Any CPU
		{45B5BC6E-FCE3-4694-8A00-52F644D378C3}.Release|Any CPU.Build.0 = Release|Any CPU
	EndGlobalSection
	GlobalSection(SolutionProperties) = preSolution
		HideSolutionNode = FALSE
	EndGlobalSection
	GlobalSection(ExtensibilityGlobals) = postSolution
		SolutionGuid = {8AA3710A-76F1-4340-B552-EFFD789ADABD}
	EndGlobalSection
EndGlobal
